// !$*UTF8*$!
{ archiveVersion = 1; classes = {}; objectVersion = 56; objects = {
00000000000000000000000A = { isa = PBXFileReference; lastKnownFileType = sourcecode.swift; path = CuriousEngineer/ArticleView.swift; sourceTree = "<group>"; };
00000000000000000000000B = { isa = PBXBuildFile; fileRef = 00000000000000000000000A; };
00000000000000000000000C = { isa = PBXFileReference; lastKnownFileType = sourcecode.swift; path = CuriousEngineer/AskView.swift; sourceTree = "<group>"; };
00000000000000000000000D = { isa = PBXBuildFile; fileRef = 00000000000000000000000C; };
00000000000000000000000E = { isa = PBXFileReference; lastKnownFileType = sourcecode.swift; path = CuriousEngineer/AuthorSession.swift; sourceTree = "<group>"; };
00000000000000000000000F = { isa = PBXBuildFile; fileRef = 00000000000000000000000E; };
000000000000000000000010 = { isa = PBXFileReference; lastKnownFileType = sourcecode.swift; path = CuriousEngineer/BlogService.swift; sourceTree = "<group>"; };
000000000000000000000011 = { isa = PBXBuildFile; fileRef = 000000000000000000000010; };
000000000000000000000012 = { isa = PBXFileReference; lastKnownFileType = sourcecode.swift; path = CuriousEngineer/CuriousEngineerApp.swift; sourceTree = "<group>"; };
000000000000000000000013 = { isa = PBXBuildFile; fileRef = 000000000000000000000012; };
000000000000000000000009 = { isa = PBXFileReference; lastKnownFileType = text.plist.xml; path = CuriousEngineer/Info.plist; sourceTree = "<group>"; };
000000000000000000000005 = { isa = PBXFileReference; explicitFileType = wrapper.application; path = CuriousEngineer.app; sourceTree = BUILT_PRODUCTS_DIR; };
000000000000000000000002 = { isa = PBXGroup; children = (00000000000000000000000A,00000000000000000000000C,00000000000000000000000E,000000000000000000000010,000000000000000000000012,000000000000000000000009,000000000000000000000003); sourceTree = "<group>"; };
000000000000000000000003 = { isa = PBXGroup; children = (000000000000000000000005); name = Products; sourceTree = "<group>"; };
000000000000000000000006 = { isa = PBXSourcesBuildPhase; buildActionMask = 2147483647; files = (00000000000000000000000B,00000000000000000000000D,00000000000000000000000F,000000000000000000000011,000000000000000000000013); runOnlyForDeploymentPostprocessing = 0; };
000000000000000000000007 = { isa = PBXFrameworksBuildPhase; buildActionMask = 2147483647; files = (); runOnlyForDeploymentPostprocessing = 0; };
000000000000000000000008 = { isa = PBXResourcesBuildPhase; buildActionMask = 2147483647; files = (); runOnlyForDeploymentPostprocessing = 0; };
000000000000000000000014 = { isa = XCBuildConfiguration; buildSettings = { SDKROOT = iphoneos; IPHONEOS_DEPLOYMENT_TARGET = 17.0; SWIFT_VERSION = 5.0; CLANG_ENABLE_MODULES = YES; SWIFT_OPTIMIZATION_LEVEL = "-Onone"; DEBUG_INFORMATION_FORMAT = dwarf; }; name = Debug; };
000000000000000000000015 = { isa = XCBuildConfiguration; buildSettings = { SDKROOT = iphoneos; IPHONEOS_DEPLOYMENT_TARGET = 17.0; SWIFT_VERSION = 5.0; CLANG_ENABLE_MODULES = YES; SWIFT_OPTIMIZATION_LEVEL = "-O"; DEBUG_INFORMATION_FORMAT = "dwarf-with-dsym"; }; name = Release; };
000000000000000000000016 = { isa = XCConfigurationList; buildConfigurations = (000000000000000000000014,000000000000000000000015); defaultConfigurationIsVisible = 0; defaultConfigurationName = Release; };
000000000000000000000017 = { isa = XCBuildConfiguration; buildSettings = { PRODUCT_NAME = "$(TARGET_NAME)"; PRODUCT_BUNDLE_IDENTIFIER = dev.thecuriousengineerblog.companion; INFOPLIST_FILE = CuriousEngineer/Info.plist; TARGETED_DEVICE_FAMILY = 1; CODE_SIGN_STYLE = Automatic; GENERATE_INFOPLIST_FILE = NO; SWIFT_EMIT_LOC_STRINGS = YES; SWIFT_OPTIMIZATION_LEVEL = "-Onone"; DEBUG_INFORMATION_FORMAT = dwarf; }; name = Debug; };
000000000000000000000018 = { isa = XCBuildConfiguration; buildSettings = { PRODUCT_NAME = "$(TARGET_NAME)"; PRODUCT_BUNDLE_IDENTIFIER = dev.thecuriousengineerblog.companion; INFOPLIST_FILE = CuriousEngineer/Info.plist; TARGETED_DEVICE_FAMILY = 1; CODE_SIGN_STYLE = Automatic; GENERATE_INFOPLIST_FILE = NO; SWIFT_EMIT_LOC_STRINGS = YES; SWIFT_OPTIMIZATION_LEVEL = "-O"; DEBUG_INFORMATION_FORMAT = "dwarf-with-dsym"; }; name = Release; };
000000000000000000000019 = { isa = XCConfigurationList; buildConfigurations = (000000000000000000000017,000000000000000000000018); defaultConfigurationIsVisible = 0; defaultConfigurationName = Release; };
000000000000000000000004 = { isa = PBXNativeTarget; buildConfigurationList = 000000000000000000000019; buildPhases = (000000000000000000000006,000000000000000000000007,000000000000000000000008); buildRules = (); dependencies = (); name = CuriousEngineer; productName = CuriousEngineer; productReference = 000000000000000000000005; productType = "com.apple.product-type.application"; };
000000000000000000000001 = { isa = PBXProject; attributes = { LastUpgradeCheck = 1600; }; buildConfigurationList = 000000000000000000000016; compatibilityVersion = "Xcode 14.0"; developmentRegion = en; knownRegions = (en,Base); mainGroup = 000000000000000000000002; productRefGroup = 000000000000000000000003; projectDirPath = ""; projectRoot = ""; targets = (000000000000000000000004); };
}; rootObject = 000000000000000000000001; }
